
Microsoft Visual Studio Solution File, Format Version 12.00
# Visual Studio Version 17
VisualStudioVersion = 17.14.37111.16 d17.14
MinimumVisualStudioVersion = 10.0.40219.1
Project("{FAE04EC0-301F-11D3-BF4B-00C04F79EFBC}") = "MVC_Q2", "MVC_Q2\MVC_Q2.csproj", "{5648A657-FC43-437C-8721-96FB0D3AD5A9}"
EndProject
Global
	GlobalSection(SolutionConfigurationPlatforms) = preSolution
		Debug|Any CPU = Debug|Any CPU
		Release|Any CPU = Release|Any CPU
	EndGlobalSection
	GlobalSection(ProjectConfigurationPlatforms) = postSolution
		{5648A657-FC43-437C-8721-96FB0D3AD5A9}.Debug|Any CPU.ActiveCfg = Debug|Any CPU
		{5648A657-FC43-437C-8721-96FB0D3AD5A9}.Debug|Any CPU.Build.0 = Debug|Any CPU
		{5648A657-FC43-437C-8721-96FB0D3AD5A9}.Release|Any CPU.ActiveCfg = Release|Any CPU
		{5648A657-FC43-437C-8721-96FB0D3AD5A9}.Release|Any CPU.Build.0 = Release|Any CPU
	EndGlobalSection
	GlobalSection(SolutionProperties) = preSolution
		HideSolutionNode = FALSE
	EndGlobalSection
	GlobalSection(ExtensibilityGlobals) = postSolution
		SolutionGuid = {91633CB5-5239-477A-B7C3-C24A00F824BC}
	EndGlobalSection
EndGlobal
