
Microsoft Visual Studio Solution File, Format Version 12.00
# Visual Studio Version 17
VisualStudioVersion = 17.14.37111.16 d17.14
MinimumVisualStudioVersion = 10.0.40219.1
Project("{FAE04EC0-301F-11D3-BF4B-00C04F79EFBC}") = "Assignment -1(HTML)", "Assignment -1(HTML)\Assignment -1(HTML).csproj", "{AF1C5C84-6DA0-4F11-9A1C-8F162F18C733}"
EndProject
Global
	GlobalSection(SolutionConfigurationPlatforms) = preSolution
		Debug|Any CPU = Debug|Any CPU
		Release|Any CPU = Release|Any CPU
	EndGlobalSection
	GlobalSection(ProjectConfigurationPlatforms) = postSolution
		{AF1C5C84-6DA0-4F11-9A1C-8F162F18C733}.Debug|Any CPU.ActiveCfg = Debug|Any CPU
		{AF1C5C84-6DA0-4F11-9A1C-8F162F18C733}.Debug|Any CPU.Build.0 = Debug|Any CPU
		{AF1C5C84-6DA0-4F11-9A1C-8F162F18C733}.Release|Any CPU.ActiveCfg = Release|Any CPU
		{AF1C5C84-6DA0-4F11-9A1C-8F162F18C733}.Release|Any CPU.Build.0 = Release|Any CPU
	EndGlobalSection
	GlobalSection(SolutionProperties) = preSolution
		HideSolutionNode = FALSE
	EndGlobalSection
	GlobalSection(ExtensibilityGlobals) = postSolution
		SolutionGuid = {10C6AE71-74F1-40B1-A437-B93084370FA3}
	EndGlobalSection
EndGlobal
