
Microsoft Visual Studio Solution File, Format Version 12.00
# Visual Studio Version 17
VisualStudioVersion = 17.14.37111.16 d17.14
MinimumVisualStudioVersion = 10.0.40219.1
Project("{FAE04EC0-301F-11D3-BF4B-00C04F79EFBC}") = "Web Technologies", "Web Technologies\Web Technologies.csproj", "{50BE3883-1065-4EE2-9759-8084DBF46DEC}"
EndProject
Global
	GlobalSection(SolutionConfigurationPlatforms) = preSolution
		Debug|Any CPU = Debug|Any CPU
		Release|Any CPU = Release|Any CPU
	EndGlobalSection
	GlobalSection(ProjectConfigurationPlatforms) = postSolution
		{50BE3883-1065-4EE2-9759-8084DBF46DEC}.Debug|Any CPU.ActiveCfg = Debug|Any CPU
		{50BE3883-1065-4EE2-9759-8084DBF46DEC}.Debug|Any CPU.Build.0 = Debug|Any CPU
		{50BE3883-1065-4EE2-9759-8084DBF46DEC}.Release|Any CPU.ActiveCfg = Release|Any CPU
		{50BE3883-1065-4EE2-9759-8084DBF46DEC}.Release|Any CPU.Build.0 = Release|Any CPU
	EndGlobalSection
	GlobalSection(SolutionProperties) = preSolution
		HideSolutionNode = FALSE
	EndGlobalSection
	GlobalSection(ExtensibilityGlobals) = postSolution
		SolutionGuid = {86875757-39B0-4236-9E3C-49CC10A83E18}
	EndGlobalSection
EndGlobal
